
Microsoft Visual Studio Solution File, Format Version 12.00
# Visual Studio Version 17
VisualStudioVersion = 17.3.32922.545
MinimumVisualStudioVersion = 10.0.40219.1
Project("{FAE04EC0-301F-11D3-BF4B-00C04F79EFBC}") = "UC9savetotalwagebycompany", "UC9savetotalwagebycompany.csproj", "{57A0BEDE-0F35-4F2F-8343-B23C4E18A483}"
EndProject
Global
	GlobalSection(SolutionConfigurationPlatforms) = preSolution
		Debug|Any CPU = Debug|Any CPU
		Release|Any CPU = Release|Any CPU
	EndGlobalSection
	GlobalSection(ProjectConfigurationPlatforms) = postSolution
		{57A0BEDE-0F35-4F2F-8343-B23C4E18A483}.Debug|Any CPU.ActiveCfg = Debug|Any CPU
		{57A0BEDE-0F35-4F2F-8343-B23C4E18A483}.Debug|Any CPU.Build.0 = Debug|Any CPU
		{57A0BEDE-0F35-4F2F-8343-B23C4E18A483}.Release|Any CPU.ActiveCfg = Release|Any CPU
		{57A0BEDE-0F35-4F2F-8343-B23C4E18A483}.Release|Any CPU.Build.0 = Release|Any CPU
	EndGlobalSection
	GlobalSection(SolutionProperties) = preSolution
		HideSolutionNode = FALSE
	EndGlobalSection
	GlobalSection(ExtensibilityGlobals) = postSolution
		SolutionGuid = {596B7EC4-57B2-4C24-A9BE-9A371DF7B372}
	EndGlobalSection
EndGlobal
