
Microsoft Visual Studio Solution File, Format Version 12.00
# Visual Studio Version 17
VisualStudioVersion = 17.3.32922.545
MinimumVisualStudioVersion = 10.0.40219.1
Project("{FAE04EC0-301F-11D3-BF4B-00C04F79EFBC}") = "UC7Ewageusingmethods", "UC7Ewageusingmethods.csproj", "{B002D346-F43E-42AB-B197-777122BB50E8}"
EndProject
Global
	GlobalSection(SolutionConfigurationPlatforms) = preSolution
		Debug|Any CPU = Debug|Any CPU
		Release|Any CPU = Release|Any CPU
	EndGlobalSection
	GlobalSection(ProjectConfigurationPlatforms) = postSolution
		{B002D346-F43E-42AB-B197-777122BB50E8}.Debug|Any CPU.ActiveCfg = Debug|Any CPU
		{B002D346-F43E-42AB-B197-777122BB50E8}.Debug|Any CPU.Build.0 = Debug|Any CPU
		{B002D346-F43E-42AB-B197-777122BB50E8}.Release|Any CPU.ActiveCfg = Release|Any CPU
		{B002D346-F43E-42AB-B197-777122BB50E8}.Release|Any CPU.Build.0 = Release|Any CPU
	EndGlobalSection
	GlobalSection(SolutionProperties) = preSolution
		HideSolutionNode = FALSE
	EndGlobalSection
	GlobalSection(ExtensibilityGlobals) = postSolution
		SolutionGuid = {66FF7F32-3AE4-461D-A2CE-75D9047FD0C9}
	EndGlobalSection
EndGlobal
